#MicroXplorer Configuration settings - do not modify
Mcu.Family=STM32F0
PA6.GPIOParameters=GPIO_Label
ProjectManager.MainLocation=Core/Src
NVIC.TIM14_IRQn=true\:0\:0\:true\:false\:true\:true\:true
ProjectManager.ProjectFileName=FFdebug.ioc
TIM17.Prescaler=40
VP_TIM17_VS_ClockSourceINT.Mode=Enable_Timer
ProjectManager.KeepUserCode=true
Mcu.UserName=STM32F030K6Tx
Mcu.PinsNb=11
Dma.ADC.0.Mode=DMA_CIRCULAR
TIM14.AutoReloadPreload=TIM_AUTORELOAD_PRELOAD_ENABLE
VP_TIM14_VS_ClockSourceINT.Signal=TIM14_VS_ClockSourceINT
ProjectManager.NoMain=false
TIM1.IPParameters=AutoReloadPreload
SH.S_TIM1_ETR.0=TIM1_ETR,ClockSourceETR_Mode2
USART1.BaudRate=9600
RCC.PLLCLKFreq_Value=8000000
SH.S_TIM17_CH1.ConfNb=1
ProjectManager.functionlistsort=1-MX_GPIO_Init-GPIO-false-HAL-true,2-MX_DMA_Init-DMA-false-HAL-true,3-SystemClock_Config-RCC-false-HAL-false,4-MX_TIM1_Init-TIM1-false-HAL-true,5-MX_ADC_Init-ADC-false-HAL-true,6-MX_TIM16_Init-TIM16-false-HAL-true,7-MX_TIM17_Init-TIM17-false-HAL-true,8-MX_USART1_UART_Init-USART1-false-HAL-true,9-MX_TIM14_Init-TIM14-false-HAL-true
Dma.ADC.0.Priority=DMA_PRIORITY_LOW
ProjectManager.DefaultFWLocation=true
SH.S_TIM16_CH1.0=TIM16_CH1,PWM Generation1 CH1
ADC.IPParameters=SamplingTime,ContinuousConvMode,Overrun,DMAContinuousRequests
VP_TIM16_VS_ClockSourceINT.Mode=Enable_Timer
PA6.GPIO_Label=FAN_PWM
NVIC.SVC_IRQn=true\:0\:0\:false\:false\:true\:false\:false
ProjectManager.DeletePrevious=true
USART1.IPParameters=VirtualMode-Asynchronous,BaudRate
VP_TIM17_VS_ClockSourceINT.Signal=TIM17_VS_ClockSourceINT
TIM16.Channel=TIM_CHANNEL_1
PinOutPanel.RotationAngle=0
RCC.FamilyName=M
ProjectManager.StackSize=0x400
Dma.ADC.0.PeriphDataAlignment=DMA_PDATAALIGN_HALFWORD
PA7.GPIO_ModeDefaultPP=GPIO_MODE_AF_OD
USART1.VirtualMode-Asynchronous=VM_ASYNC
PA3.Mode=Asynchronous
Mcu.IP4=SYS
TIM1.AutoReloadPreload=TIM_AUTORELOAD_PRELOAD_ENABLE
Mcu.IP5=TIM1
Mcu.IP2=NVIC
Mcu.IP3=RCC
Mcu.IP0=ADC
Mcu.IP1=DMA
PA12.Signal=S_TIM1_ETR
Mcu.UserConstants=
SH.S_TIM16_CH1.ConfNb=1
SH.S_TIM1_ETR.ConfNb=1
ProjectManager.TargetToolchain=Makefile
Mcu.ThirdPartyNb=0
Dma.ADC.0.PeriphInc=DMA_PINC_DISABLE
Mcu.IPNb=10
ProjectManager.PreviousToolchain=
Mcu.Pin6=PA12
Mcu.Pin7=VP_SYS_VS_Systick
TIM17.IPParameters=Channel,Prescaler,Period
ProjectManager.RegisterCallBack=
Mcu.Pin8=VP_TIM14_VS_ClockSourceINT
Mcu.Pin9=VP_TIM16_VS_ClockSourceINT
PA1.Signal=ADC_IN1
Mcu.Pin0=PA0
Mcu.Pin1=PA1
Dma.ADC.0.Direction=DMA_PERIPH_TO_MEMORY
GPIO.groupedBy=
Mcu.Pin2=PA2
Mcu.Pin3=PA3
Mcu.Pin4=PA6
ADC.SamplingTime=ADC_SAMPLETIME_239CYCLES_5
Mcu.Pin5=PA7
ProjectManager.ProjectBuild=false
ADC.DMAContinuousRequests=ENABLE
PA0.Locked=true
board=custom
TIM17.Channel=TIM_CHANNEL_1
TIM14.Period=4000
NVIC.SysTick_IRQn=true\:0\:0\:false\:false\:true\:false\:true
ProjectManager.LastFirmware=true
Dma.ADC.0.RequestParameters=Instance,Direction,PeriphInc,MemInc,PeriphDataAlignment,MemDataAlignment,Mode,Priority
TIM17.Period=1000-1
ProjectManager.FirmwarePackage=STM32Cube FW_F0 V1.11.0
MxDb.Version=DB.6.0.0
TIM16.Period=1000-1
PA1.Mode=IN1
ProjectManager.BackupPrevious=false
MxCube.Version=6.0.1
File.Version=6
VP_SYS_VS_Systick.Mode=SysTick
PA0.Mode=IN0
VP_TIM16_VS_ClockSourceINT.Signal=TIM16_VS_ClockSourceINT
NVIC.NonMaskableInt_IRQn=true\:0\:0\:false\:false\:true\:false\:false
NVIC.PendSV_IRQn=true\:0\:0\:false\:false\:true\:false\:false
ProjectManager.FreePins=false
RCC.IPParameters=FamilyName,PLLCLKFreq_Value,PLLMCOFreq_Value,TimSysFreq_Value
ProjectManager.AskForMigrate=true
Mcu.Name=STM32F030K6Tx
Dma.RequestsNb=1
ProjectManager.HalAssertFull=false
TIM14.Prescaler=1000 - 1
PA2.Signal=USART1_TX
ProjectManager.ProjectName=FFdebug
ProjectManager.UnderRoot=false
PA0.Signal=ADC_IN0
Mcu.IP8=TIM17
Mcu.IP9=USART1
ADC.Overrun=ADC_OVR_DATA_OVERWRITTEN
Mcu.IP6=TIM14
Dma.ADC.0.MemInc=DMA_MINC_ENABLE
RCC.PLLMCOFreq_Value=8000000
Mcu.IP7=TIM16
ProjectManager.CoupleFile=false
Mcu.Package=LQFP32
PA6.Signal=S_TIM16_CH1
RCC.TimSysFreq_Value=8000000
PA7.GPIO_Label=FAKE_PULSE
NVIC.ForceEnableDMAVector=true
KeepUserPlacement=false
ProjectManager.CompilerOptimize=6
ProjectManager.ToolChainLocation=
Dma.ADC.0.Instance=DMA1_Channel1
VP_SYS_VS_Systick.Signal=SYS_VS_Systick
ProjectManager.HeapSize=0x200
NVIC.HardFault_IRQn=true\:0\:0\:false\:false\:true\:false\:false
ProjectManager.ComputerToolchain=false
SH.S_TIM17_CH1.0=TIM17_CH1,PWM Generation1 CH1
Dma.ADC.0.MemDataAlignment=DMA_MDATAALIGN_HALFWORD
Mcu.Pin10=VP_TIM17_VS_ClockSourceINT
PA2.Mode=Asynchronous
VP_TIM14_VS_ClockSourceINT.Mode=Enable_Timer
TIM16.IPParameters=Channel,Prescaler,Period
NVIC.DMA1_Channel1_IRQn=true\:3\:0\:true\:false\:true\:false\:true
TIM16.Prescaler=320
TIM14.IPParameters=Prescaler,Period,AutoReloadPreload
Dma.Request0=ADC
ADC.ContinuousConvMode=ENABLE
PA7.GPIOParameters=GPIO_ModeDefaultPP,GPIO_Label
ProjectManager.CustomerFirmwarePackage=
ProjectManager.DeviceId=STM32F030K6Tx
ProjectManager.LibraryCopy=0
PA3.Signal=USART1_RX
PA7.Signal=S_TIM17_CH1
